<Scheme LastUpgradeVersion="0720" version="1.3">
  <BuildAction parallelizeBuildables="YES" buildImplicitDependencies="YES">
    <BuildActionEntries>
      <BuildActionEntry buildForTesting="YES" buildForRunning="YES" buildForProfiling="YES" buildForArchiving="YES" buildForAnalyzing="YES">
        <BuildableReference BuildableIdentifier="primary" BlueprintIdentifier="83493F891C973E5F00A37952" BuildableName="BBSchemesTestApp.app" BlueprintName="BBSchemesTestApp" ReferencedContainer="container:BBSchemesTestApp.xcodeproj" />
      </BuildActionEntry>
      <BuildActionEntry buildForTesting="YES" buildForRunning="YES" buildForProfiling="NO" buildForArchiving="NO" buildForAnalyzing="NO">
        <BuildableReference BuildableIdentifier="primary" BlueprintIdentifier="83493F9D1C973E5F00A37952" BuildableName="BBSchemesTestAppTests.xctest" BlueprintName="BBSchemesTestAppTests" ReferencedContainer="container:BBSchemesTestApp.xcodeproj" />
      </BuildActionEntry>
      <BuildActionEntry buildForTesting="YES" buildForRunning="YES" buildForProfiling="NO" buildForArchiving="NO" buildForAnalyzing="NO">
        <BuildableReference BuildableIdentifier="primary" BlueprintIdentifier="83493FA81C973E5F00A37952" BuildableName="BBSchemesTestAppUITests.xctest" BlueprintName="BBSchemesTestAppUITests" ReferencedContainer="container:BBSchemesTestApp.xcodeproj" />
      </BuildActionEntry>
    </BuildActionEntries>
  </BuildAction>
  <TestAction buildConfiguration="Debug" selectedDebuggerIdentifier="Xcode.DebuggerFoundation.Debugger.LLDB" selectedLauncherIdentifier="Xcode.DebuggerFoundation.Launcher.LLDB" shouldUseLaunchSchemeArgsEnv="YES">
    <Testables>
      <TestableReference skipped="NO">
        <BuildableReference BuildableIdentifier="primary" BlueprintIdentifier="83493F9D1C973E5F00A37952" BuildableName="BBSchemesTestAppTests.xctest" BlueprintName="BBSchemesTestAppTests" ReferencedContainer="container:BBSchemesTestApp.xcodeproj" />
      </TestableReference>
      <TestableReference skipped="NO">
        <BuildableReference BuildableIdentifier="primary" BlueprintIdentifier="83493FA81C973E5F00A37952" BuildableName="BBSchemesTestAppUITests.xctest" BlueprintName="BBSchemesTestAppUITests" ReferencedContainer="container:BBSchemesTestApp.xcodeproj" />
      </TestableReference>
    </Testables>
    <MacroExpansion>
      <BuildableReference BuildableIdentifier="primary" BlueprintIdentifier="83493F891C973E5F00A37952" BuildableName="BBSchemesTestApp.app" BlueprintName="BBSchemesTestApp" ReferencedContainer="container:BBSchemesTestApp.xcodeproj" />
    </MacroExpansion>
    <AdditionalOptions />
  </TestAction>
  <LaunchAction buildConfiguration="Debug" selectedDebuggerIdentifier="Xcode.DebuggerFoundation.Debugger.LLDB" selectedLauncherIdentifier="Xcode.DebuggerFoundation.Launcher.LLDB" launchStyle="0" useCustomWorkingDirectory="NO" ignoresPersistentStateOnLaunch="NO" debugDocumentVersioning="YES" debugServiceExtension="internal" allowLocationSimulation="YES">
    <BuildableProductRunnable runnableDebuggingMode="0">
      <BuildableReference BuildableIdentifier="primary" BlueprintIdentifier="83493F891C973E5F00A37952" BuildableName="BBSchemesTestApp.app" BlueprintName="BBSchemesTestApp" ReferencedContainer="container:BBSchemesTestApp.xcodeproj" />
    </BuildableProductRunnable>
    <AdditionalOptions />
  </LaunchAction>
  <ProfileAction buildConfiguration="Release" shouldUseLaunchSchemeArgsEnv="YES" savedToolIdentifier="" useCustomWorkingDirectory="NO" debugDocumentVersioning="YES">
    <BuildableProductRunnable runnableDebuggingMode="0">
      <BuildableReference BuildableIdentifier="primary" BlueprintIdentifier="83493F891C973E5F00A37952" BuildableName="BBSchemesTestApp.app" BlueprintName="BBSchemesTestApp" ReferencedContainer="container:BBSchemesTestApp.xcodeproj" />
    </BuildableProductRunnable>
  </ProfileAction>
  <AnalyzeAction buildConfiguration="Debug" />
  <ArchiveAction buildConfiguration="Release" revealArchiveInOrganizer="YES" />
</Scheme>